
Microsoft Visual Studio Solution File, Format Version 12.00
# Visual Studio Version 17
VisualStudioVersion = 17.11.35312.102
MinimumVisualStudioVersion = 10.0.40219.1
Project("{FAE04EC0-301F-11D3-BF4B-00C04F79EFBC}") = "GitTests", "GitTests\GitTests.csproj", "{7BDA8AF3-8E11-4CB1-A917-344904777A4D}"
EndProject
Global
	GlobalSection(SolutionConfigurationPlatforms) = preSolution
		Debug|Any CPU = Debug|Any CPU
		Release|Any CPU = Release|Any CPU
	EndGlobalSection
	GlobalSection(ProjectConfigurationPlatforms) = postSolution
		{7BDA8AF3-8E11-4CB1-A917-344904777A4D}.Debug|Any CPU.ActiveCfg = Debug|Any CPU
		{7BDA8AF3-8E11-4CB1-A917-344904777A4D}.Debug|Any CPU.Build.0 = Debug|Any CPU
		{7BDA8AF3-8E11-4CB1-A917-344904777A4D}.Release|Any CPU.ActiveCfg = Release|Any CPU
		{7BDA8AF3-8E11-4CB1-A917-344904777A4D}.Release|Any CPU.Build.0 = Release|Any CPU
	EndGlobalSection
	GlobalSection(SolutionProperties) = preSolution
		HideSolutionNode = FALSE
	EndGlobalSection
	GlobalSection(ExtensibilityGlobals) = postSolution
		SolutionGuid = {79059D0A-2E65-4896-8628-7D8598D5D78B}
	EndGlobalSection
EndGlobal
